
Microsoft Visual Studio Solution File, Format Version 12.00
# Visual Studio Version 17
VisualStudioVersion = 17.1.32421.90
MinimumVisualStudioVersion = 10.0.40219.1
Project("{FAE04EC0-301F-11D3-BF4B-00C04F79EFBC}") = "MainProject", "CellsConstructor v.1\MainProject.csproj", "{AC50BB19-BA79-498C-9E6E-C85AC48DD994}"
EndProject
Project("{FAE04EC0-301F-11D3-BF4B-00C04F79EFBC}") = "SolidWorksLoader", "SolidWorksLoader\SolidWorksLoader.csproj", "{9C8A9369-AFBE-4ED5-ACA1-263F079A855E}"
EndProject
Project("{FAE04EC0-301F-11D3-BF4B-00C04F79EFBC}") = "SolidWorksFaceManager", "SolidWorksFaceManager\SolidWorksFaceManager.csproj", "{AA04E21C-81DA-41DB-B1EC-1544A7174C63}"
EndProject
Project("{FAE04EC0-301F-11D3-BF4B-00C04F79EFBC}") = "SolidWorksMaterialManager", "SolidWorksMaterialManager\SolidWorksMaterialManager.csproj", "{626ECADC-C36E-44C0-86FE-4EEF2830D2C4}"
EndProject
Project("{FAE04EC0-301F-11D3-BF4B-00C04F79EFBC}") = "SolidWorksSimulationManager", "SolidWorksSimulationManager\SolidWorksSimulationManager.csproj", "{1526F9C7-4A3B-4D63-8671-1281E419E34C}"
EndProject
Global
	GlobalSection(SolutionConfigurationPlatforms) = preSolution
		Debug|Any CPU = Debug|Any CPU
		Release|Any CPU = Release|Any CPU
	EndGlobalSection
	GlobalSection(ProjectConfigurationPlatforms) = postSolution
		{AC50BB19-BA79-498C-9E6E-C85AC48DD994}.Debug|Any CPU.ActiveCfg = Debug|Any CPU
		{AC50BB19-BA79-498C-9E6E-C85AC48DD994}.Debug|Any CPU.Build.0 = Debug|Any CPU
		{AC50BB19-BA79-498C-9E6E-C85AC48DD994}.Release|Any CPU.ActiveCfg = Release|Any CPU
		{AC50BB19-BA79-498C-9E6E-C85AC48DD994}.Release|Any CPU.Build.0 = Release|Any CPU
		{9C8A9369-AFBE-4ED5-ACA1-263F079A855E}.Debug|Any CPU.ActiveCfg = Debug|Any CPU
		{9C8A9369-AFBE-4ED5-ACA1-263F079A855E}.Debug|Any CPU.Build.0 = Debug|Any CPU
		{9C8A9369-AFBE-4ED5-ACA1-263F079A855E}.Release|Any CPU.ActiveCfg = Release|Any CPU
		{9C8A9369-AFBE-4ED5-ACA1-263F079A855E}.Release|Any CPU.Build.0 = Release|Any CPU
		{AA04E21C-81DA-41DB-B1EC-1544A7174C63}.Debug|Any CPU.ActiveCfg = Debug|Any CPU
		{AA04E21C-81DA-41DB-B1EC-1544A7174C63}.Debug|Any CPU.Build.0 = Debug|Any CPU
		{AA04E21C-81DA-41DB-B1EC-1544A7174C63}.Release|Any CPU.ActiveCfg = Release|Any CPU
		{AA04E21C-81DA-41DB-B1EC-1544A7174C63}.Release|Any CPU.Build.0 = Release|Any CPU
		{626ECADC-C36E-44C0-86FE-4EEF2830D2C4}.Debug|Any CPU.ActiveCfg = Debug|Any CPU
		{626ECADC-C36E-44C0-86FE-4EEF2830D2C4}.Debug|Any CPU.Build.0 = Debug|Any CPU
		{626ECADC-C36E-44C0-86FE-4EEF2830D2C4}.Release|Any CPU.ActiveCfg = Release|Any CPU
		{626ECADC-C36E-44C0-86FE-4EEF2830D2C4}.Release|Any CPU.Build.0 = Release|Any CPU
		{1526F9C7-4A3B-4D63-8671-1281E419E34C}.Debug|Any CPU.ActiveCfg = Debug|Any CPU
		{1526F9C7-4A3B-4D63-8671-1281E419E34C}.Debug|Any CPU.Build.0 = Debug|Any CPU
		{1526F9C7-4A3B-4D63-8671-1281E419E34C}.Release|Any CPU.ActiveCfg = Release|Any CPU
		{1526F9C7-4A3B-4D63-8671-1281E419E34C}.Release|Any CPU.Build.0 = Release|Any CPU
	EndGlobalSection
	GlobalSection(SolutionProperties) = preSolution
		HideSolutionNode = FALSE
	EndGlobalSection
	GlobalSection(ExtensibilityGlobals) = postSolution
		SolutionGuid = {1E378F1A-F1D8-419A-B9C0-FDB04D905C7D}
	EndGlobalSection
EndGlobal
